PODS:
  - LookinServer (1.2.8):
    - LookinServer/Core (= 1.2.8)
  - LookinServer/Core (1.2.8)
  - SealFramework (0.1.0)
  - Then (3.0.0)

DEPENDENCIES:
  - LookinServer
  - SealFramework (from `../`)
  - Then

SPEC REPOS:
  trunk:
    - LookinServer
    - Then

EXTERNAL SOURCES:
  SealFramework:
    :path: "../"

SPEC CHECKSUMS:
  LookinServer: 1b2b61c6402ae29fa22182d48f5cd067b4e99e80
  SealFramework: a4fce9856cfe97eb84e6d2e1cd19f5ae7e42d58d
  Then: 844265ae87834bbe1147d91d5d41a404da2ec27d

PODFILE CHECKSUM: b7f000ac4ac6e0161b480ba210c1f5df301b5957

COCOAPODS: 1.16.2
