{
  "originHash" : "838f53898af7059743f57a13d59b1fd6ba45804979f4a809b5c5f273aae8fefa",
  "pins" : [
    {
      "identity" : "keychain-swift",
      "kind" : "remoteSourceControl",
      "location" : "https://github.com/evgenyneu/keychain-swift",
      "state" : {
        "branch" : "master",
        "revision" : "5e1b02b6a9dac2a759a1d5dbc175c86bd192a608"
      }
    },
    {
      "identity" : "reercodable",
      "kind" : "remoteSourceControl",
      "location" : "https://github.com/reers/ReerCodable.git",
      "state" : {
        "revision" : "574c22916e3e7b3896e47b0bbc2f560478fffecd",
        "version" : "1.2.6"
      }
    },
    {
      "identity" : "swift-collections",
      "kind" : "remoteSourceControl",
      "location" : "https://github.com/apple/swift-collections.git",
      "state" : {
        "revision" : "c1805596154bb3a265fd91b8ac0c4433b4348fb0",
        "version" : "1.2.0"
      }
    },
    {
      "identity" : "swift-syntax",
      "kind" : "remoteSourceControl",
      "location" : "https://github.com/swiftlang/swift-syntax.git",
      "state" : {
        "revision" : "f99ae8aa18f0cf0d53481901f88a0991dc3bd4a2",
        "version" : "601.0.1"
      }
    }
  ],
  "version" : 3
}
