// !$*UTF8*$!
{
	archiveVersion = 1;
	classes = {
	};
	objectVersion = 70;
	objects = {

/* Begin PBXBuildFile section */
		66099F552E176C1E00025781 /* Preview Assets.xcassets in Resources */ = {isa = PBXBuildFile; fileRef = 66099F4A2E176C1E00025781 /* Preview Assets.xcassets */; };
		66099F562E176C1E00025781 /* Assets.xcassets in Resources */ = {isa = PBXBuildFile; fileRef = 66099F4C2E176C1E00025781 /* Assets.xcassets */; };
		66099F592E176C1E00025781 /* AppDelegate.swift in Sources */ = {isa = PBXBuildFile; fileRef = 66099F462E176C1E00025781 /* AppDelegate.swift */; };
		66099F5A2E176C1E00025781 /* OnePartnerApp.swift in Sources */ = {isa = PBXBuildFile; fileRef = 66099F472E176C1E00025781 /* OnePartnerApp.swift */; };
		66099F5B2E176C1E00025781 /* SceneDelegate.swift in Sources */ = {isa = PBXBuildFile; fileRef = 66099F482E176C1E00025781 /* SceneDelegate.swift */; };
		66099F5C2E176C1E00025781 /* ContentView.swift in Sources */ = {isa = PBXBuildFile; fileRef = 66099F4D2E176C1E00025781 /* ContentView.swift */; };
		66099F5E2E176C1E00025781 /* QuickActionSettings.swift in Sources */ = {isa = PBXBuildFile; fileRef = 66099F512E176C1E00025781 /* QuickActionSettings.swift */; };
		66099F5F2E176C1E00025781 /* QuickTabView.swift in Sources */ = {isa = PBXBuildFile; fileRef = 66099F522E176C1E00025781 /* QuickTabView.swift */; };
		66099F602E176C1E00025781 /* Router.swift in Sources */ = {isa = PBXBuildFile; fileRef = 66099F532E176C1E00025781 /* Router.swift */; };
		66099F642E176C2700025781 /* OnePartnerUITests.swift in Sources */ = {isa = PBXBuildFile; fileRef = 66099F612E176C2700025781 /* OnePartnerUITests.swift */; };
		66099F652E176C2700025781 /* OnePartnerUITestsLaunchTests.swift in Sources */ = {isa = PBXBuildFile; fileRef = 66099F622E176C2700025781 /* OnePartnerUITestsLaunchTests.swift */; };
		66099F682E176C2C00025781 /* OnePartnerTests.swift in Sources */ = {isa = PBXBuildFile; fileRef = 66099F662E176C2C00025781 /* OnePartnerTests.swift */; };
		66099F6F2E177F3100025781 /* UserViewModel.swift in Sources */ = {isa = PBXBuildFile; fileRef = 66099F6E2E177F3100025781 /* UserViewModel.swift */; };
		66099F712E177F5A00025781 /* UserListView.swift in Sources */ = {isa = PBXBuildFile; fileRef = 66099F702E177F5A00025781 /* UserListView.swift */; };
		6609A0162E17BD1A00025781 /* ExportedFiles.swift in Sources */ = {isa = PBXBuildFile; fileRef = 6609A0152E17BD1A00025781 /* ExportedFiles.swift */; };
		A1CE55D71D1335323B26BED6 /* Pods_OnePartner.framework in Frameworks */ = {isa = PBXBuildFile; fileRef = 1113D2CEF018691F8746264A /* Pods_OnePartner.framework */; };
/* End PBXBuildFile section */

/* Begin PBXContainerItemProxy section */
		BEBDFE302E084D97000295BC /* PBXContainerItemProxy */ = {
			isa = PBXContainerItemProxy;
			containerPortal = BEBDFE172E084D95000295BC /* Project object */;
			proxyType = 1;
			remoteGlobalIDString = BEBDFE1E2E084D95000295BC;
			remoteInfo = OnePartner;
		};
		BEBDFE3A2E084D97000295BC /* PBXContainerItemProxy */ = {
			isa = PBXContainerItemProxy;
			containerPortal = BEBDFE172E084D95000295BC /* Project object */;
			proxyType = 1;
			remoteGlobalIDString = BEBDFE1E2E084D95000295BC;
			remoteInfo = OnePartner;
		};
/* End PBXContainerItemProxy section */

/* Begin PBXFileReference section */
		02A45C165B6EBC3BD64CFC99 /* Pods-OnePartner.debug.xcconfig */ = {isa = PBXFileReference; includeInIndex = 1; lastKnownFileType = text.xcconfig; name = "Pods-OnePartner.debug.xcconfig"; path = "Target Support Files/Pods-OnePartner/Pods-OnePartner.debug.xcconfig"; sourceTree = "<group>"; };
		1113D2CEF018691F8746264A /* Pods_OnePartner.framework */ = {isa = PBXFileReference; explicitFileType = wrapper.framework; includeInIndex = 0; path = Pods_OnePartner.framework; sourceTree = BUILT_PRODUCTS_DIR; };
		66099F462E176C1E00025781 /* AppDelegate.swift */ = {isa = PBXFileReference; lastKnownFileType = sourcecode.swift; path = AppDelegate.swift; sourceTree = "<group>"; };
		66099F472E176C1E00025781 /* OnePartnerApp.swift */ = {isa = PBXFileReference; lastKnownFileType = sourcecode.swift; path = OnePartnerApp.swift; sourceTree = "<group>"; };
		66099F482E176C1E00025781 /* SceneDelegate.swift */ = {isa = PBXFileReference; lastKnownFileType = sourcecode.swift; path = SceneDelegate.swift; sourceTree = "<group>"; };
		66099F4A2E176C1E00025781 /* Preview Assets.xcassets */ = {isa = PBXFileReference; lastKnownFileType = folder.assetcatalog; path = "Preview Assets.xcassets"; sourceTree = "<group>"; };
		66099F4C2E176C1E00025781 /* Assets.xcassets */ = {isa = PBXFileReference; lastKnownFileType = folder.assetcatalog; path = Assets.xcassets; sourceTree = "<group>"; };
		66099F4D2E176C1E00025781 /* ContentView.swift */ = {isa = PBXFileReference; lastKnownFileType = sourcecode.swift; path = ContentView.swift; sourceTree = "<group>"; };
		66099F4E2E176C1E00025781 /* Info.plist */ = {isa = PBXFileReference; lastKnownFileType = text.plist.xml; path = Info.plist; sourceTree = "<group>"; };
		66099F502E176C1E00025781 /* Packages */ = {isa = PBXFileReference; lastKnownFileType = wrapper; path = Packages; sourceTree = "<group>"; };
		66099F512E176C1E00025781 /* QuickActionSettings.swift */ = {isa = PBXFileReference; lastKnownFileType = sourcecode.swift; path = QuickActionSettings.swift; sourceTree = "<group>"; };
		66099F522E176C1E00025781 /* QuickTabView.swift */ = {isa = PBXFileReference; lastKnownFileType = sourcecode.swift; path = QuickTabView.swift; sourceTree = "<group>"; };
		66099F532E176C1E00025781 /* Router.swift */ = {isa = PBXFileReference; lastKnownFileType = sourcecode.swift; path = Router.swift; sourceTree = "<group>"; };
		66099F612E176C2700025781 /* OnePartnerUITests.swift */ = {isa = PBXFileReference; lastKnownFileType = sourcecode.swift; path = OnePartnerUITests.swift; sourceTree = "<group>"; };
		66099F622E176C2700025781 /* OnePartnerUITestsLaunchTests.swift */ = {isa = PBXFileReference; lastKnownFileType = sourcecode.swift; path = OnePartnerUITestsLaunchTests.swift; sourceTree = "<group>"; };
		66099F662E176C2C00025781 /* OnePartnerTests.swift */ = {isa = PBXFileReference; lastKnownFileType = sourcecode.swift; path = OnePartnerTests.swift; sourceTree = "<group>"; };
		66099F6E2E177F3100025781 /* UserViewModel.swift */ = {isa = PBXFileReference; lastKnownFileType = sourcecode.swift; path = UserViewModel.swift; sourceTree = "<group>"; };
		66099F702E177F5A00025781 /* UserListView.swift */ = {isa = PBXFileReference; lastKnownFileType = sourcecode.swift; path = UserListView.swift; sourceTree = "<group>"; };
		6609A0152E17BD1A00025781 /* ExportedFiles.swift */ = {isa = PBXFileReference; lastKnownFileType = sourcecode.swift; path = ExportedFiles.swift; sourceTree = "<group>"; };
		9C0AE614BE1EA178B0368376 /* Pods-OnePartner.release.xcconfig */ = {isa = PBXFileReference; includeInIndex = 1; lastKnownFileType = text.xcconfig; name = "Pods-OnePartner.release.xcconfig"; path = "Target Support Files/Pods-OnePartner/Pods-OnePartner.release.xcconfig"; sourceTree = "<group>"; };
		BEBDFE1F2E084D95000295BC /* OnePartner.app */ = {isa = PBXFileReference; explicitFileType = wrapper.application; includeInIndex = 0; path = OnePartner.app; sourceTree = BUILT_PRODUCTS_DIR; };
		BEBDFE2F2E084D97000295BC /* OnePartnerTests.xctest */ = {isa = PBXFileReference; explicitFileType = wrapper.cfbundle; includeInIndex = 0; path = OnePartnerTests.xctest; sourceTree = BUILT_PRODUCTS_DIR; };
		BEBDFE392E084D97000295BC /* OnePartnerUITests.xctest */ = {isa = PBXFileReference; explicitFileType = wrapper.cfbundle; includeInIndex = 0; path = OnePartnerUITests.xctest; sourceTree = BUILT_PRODUCTS_DIR; };
/* End PBXFileReference section */

/* Begin PBXFileSystemSynchronizedRootGroup section */
		66099F6D2E177F2000025781 /* Network */ = {isa = PBXFileSystemSynchronizedRootGroup; explicitFileTypes = {}; explicitFolders = (); path = Network; sourceTree = "<group>"; };
/* End PBXFileSystemSynchronizedRootGroup section */

/* Begin PBXFrameworksBuildPhase section */
		BEBDFE1C2E084D95000295BC /* Frameworks */ = {
			isa = PBXFrameworksBuildPhase;
			buildActionMask = 2147483647;
			files = (
				A1CE55D71D1335323B26BED6 /* Pods_OnePartner.framework in Frameworks */,
			);
			runOnlyForDeploymentPostprocessing = 0;
		};
		BEBDFE2C2E084D97000295BC /* Frameworks */ = {
			isa = PBXFrameworksBuildPhase;
			buildActionMask = 2147483647;
			files = (
			);
			runOnlyForDeploymentPostprocessing = 0;
		};
		BEBDFE362E084D97000295BC /* Frameworks */ = {
			isa = PBXFrameworksBuildPhase;
			buildActionMask = 2147483647;
			files = (
			);
			runOnlyForDeploymentPostprocessing = 0;
		};
/* End PBXFrameworksBuildPhase section */

/* Begin PBXGroup section */
		539208B9ECFC9B51035D1C8C /* Frameworks */ = {
			isa = PBXGroup;
			children = (
				1113D2CEF018691F8746264A /* Pods_OnePartner.framework */,
			);
			name = Frameworks;
			sourceTree = "<group>";
		};
		66099F492E176C1E00025781 /* App */ = {
			isa = PBXGroup;
			children = (
				66099F462E176C1E00025781 /* AppDelegate.swift */,
				66099F482E176C1E00025781 /* SceneDelegate.swift */,
				66099F472E176C1E00025781 /* OnePartnerApp.swift */,
			);
			path = App;
			sourceTree = "<group>";
		};
		66099F4B2E176C1E00025781 /* Preview Content */ = {
			isa = PBXGroup;
			children = (
				66099F4A2E176C1E00025781 /* Preview Assets.xcassets */,
			);
			path = "Preview Content";
			sourceTree = "<group>";
		};
		66099F542E176C1E00025781 /* OnePartner */ = {
			isa = PBXGroup;
			children = (
				66099F502E176C1E00025781 /* Packages */,
				66099F492E176C1E00025781 /* App */,
				66099F4B2E176C1E00025781 /* Preview Content */,
				66099F4C2E176C1E00025781 /* Assets.xcassets */,
				66099F4D2E176C1E00025781 /* ContentView.swift */,
				6609A0152E17BD1A00025781 /* ExportedFiles.swift */,
				66099F4E2E176C1E00025781 /* Info.plist */,
				66099F512E176C1E00025781 /* QuickActionSettings.swift */,
				66099F522E176C1E00025781 /* QuickTabView.swift */,
				66099F532E176C1E00025781 /* Router.swift */,
				66099F6E2E177F3100025781 /* UserViewModel.swift */,
				66099F702E177F5A00025781 /* UserListView.swift */,
				66099F6D2E177F2000025781 /* Network */,
			);
			path = OnePartner;
			sourceTree = "<group>";
		};
		66099F632E176C2700025781 /* OnePartnerUITests */ = {
			isa = PBXGroup;
			children = (
				66099F612E176C2700025781 /* OnePartnerUITests.swift */,
				66099F622E176C2700025781 /* OnePartnerUITestsLaunchTests.swift */,
			);
			path = OnePartnerUITests;
			sourceTree = "<group>";
		};
		66099F672E176C2C00025781 /* OnePartnerTests */ = {
			isa = PBXGroup;
			children = (
				66099F662E176C2C00025781 /* OnePartnerTests.swift */,
			);
			path = OnePartnerTests;
			sourceTree = "<group>";
		};
		BEBDFE162E084D95000295BC = {
			isa = PBXGroup;
			children = (
				66099F542E176C1E00025781 /* OnePartner */,
				66099F672E176C2C00025781 /* OnePartnerTests */,
				66099F632E176C2700025781 /* OnePartnerUITests */,
				BEBDFE202E084D95000295BC /* Products */,
				FC42C1EDDED30B79AF36DFDB /* Pods */,
				539208B9ECFC9B51035D1C8C /* Frameworks */,
			);
			sourceTree = "<group>";
		};
		BEBDFE202E084D95000295BC /* Products */ = {
			isa = PBXGroup;
			children = (
				BEBDFE1F2E084D95000295BC /* OnePartner.app */,
				BEBDFE2F2E084D97000295BC /* OnePartnerTests.xctest */,
				BEBDFE392E084D97000295BC /* OnePartnerUITests.xctest */,
			);
			name = Products;
			sourceTree = "<group>";
		};
		FC42C1EDDED30B79AF36DFDB /* Pods */ = {
			isa = PBXGroup;
			children = (
				02A45C165B6EBC3BD64CFC99 /* Pods-OnePartner.debug.xcconfig */,
				9C0AE614BE1EA178B0368376 /* Pods-OnePartner.release.xcconfig */,
			);
			name = Pods;
			path = ../../Pods;
			sourceTree = "<group>";
		};
/* End PBXGroup section */

/* Begin PBXNativeTarget section */
		BEBDFE1E2E084D95000295BC /* OnePartner */ = {
			isa = PBXNativeTarget;
			buildConfigurationList = BEBDFE432E084D98000295BC /* Build configuration list for PBXNativeTarget "OnePartner" */;
			buildPhases = (
				949C6EADE89D4849924B8D1B /* [CP] Check Pods Manifest.lock */,
				BEBDFE1B2E084D95000295BC /* Sources */,
				BEBDFE1C2E084D95000295BC /* Frameworks */,
				BEBDFE1D2E084D95000295BC /* Resources */,
			);
			buildRules = (
			);
			dependencies = (
			);
			fileSystemSynchronizedGroups = (
				66099F6D2E177F2000025781 /* Network */,
			);
			name = OnePartner;
			productName = OnePartner;
			productReference = BEBDFE1F2E084D95000295BC /* OnePartner.app */;
			productType = "com.apple.product-type.application";
		};
		BEBDFE2E2E084D97000295BC /* OnePartnerTests */ = {
			isa = PBXNativeTarget;
			buildConfigurationList = BEBDFE462E084D98000295BC /* Build configuration list for PBXNativeTarget "OnePartnerTests" */;
			buildPhases = (
				BEBDFE2B2E084D97000295BC /* Sources */,
				BEBDFE2C2E084D97000295BC /* Frameworks */,
				BEBDFE2D2E084D97000295BC /* Resources */,
			);
			buildRules = (
			);
			dependencies = (
				BEBDFE312E084D97000295BC /* PBXTargetDependency */,
			);
			name = OnePartnerTests;
			productName = OnePartnerTests;
			productReference = BEBDFE2F2E084D97000295BC /* OnePartnerTests.xctest */;
			productType = "com.apple.product-type.bundle.unit-test";
		};
		BEBDFE382E084D97000295BC /* OnePartnerUITests */ = {
			isa = PBXNativeTarget;
			buildConfigurationList = BEBDFE492E084D98000295BC /* Build configuration list for PBXNativeTarget "OnePartnerUITests" */;
			buildPhases = (
				BEBDFE352E084D97000295BC /* Sources */,
				BEBDFE362E084D97000295BC /* Frameworks */,
				BEBDFE372E084D97000295BC /* Resources */,
			);
			buildRules = (
			);
			dependencies = (
				BEBDFE3B2E084D97000295BC /* PBXTargetDependency */,
			);
			name = OnePartnerUITests;
			productName = OnePartnerUITests;
			productReference = BEBDFE392E084D97000295BC /* OnePartnerUITests.xctest */;
			productType = "com.apple.product-type.bundle.ui-testing";
		};
/* End PBXNativeTarget section */

/* Begin PBXProject section */
		BEBDFE172E084D95000295BC /* Project object */ = {
			isa = PBXProject;
			attributes = {
				BuildIndependentTargetsInParallel = 1;
				LastSwiftUpdateCheck = 1620;
				LastUpgradeCheck = 1620;
				TargetAttributes = {
					BEBDFE1E2E084D95000295BC = {
						CreatedOnToolsVersion = 16.2;
					};
					BEBDFE2E2E084D97000295BC = {
						CreatedOnToolsVersion = 16.2;
						TestTargetID = BEBDFE1E2E084D95000295BC;
					};
					BEBDFE382E084D97000295BC = {
						CreatedOnToolsVersion = 16.2;
						TestTargetID = BEBDFE1E2E084D95000295BC;
					};
				};
			};
			buildConfigurationList = BEBDFE1A2E084D95000295BC /* Build configuration list for PBXProject "OnePartner" */;
			compatibilityVersion = "Xcode 14.0";
			developmentRegion = en;
			hasScannedForEncodings = 0;
			knownRegions = (
				en,
				Base,
			);
			mainGroup = BEBDFE162E084D95000295BC;
			productRefGroup = BEBDFE202E084D95000295BC /* Products */;
			projectDirPath = "";
			projectRoot = "";
			targets = (
				BEBDFE1E2E084D95000295BC /* OnePartner */,
				BEBDFE2E2E084D97000295BC /* OnePartnerTests */,
				BEBDFE382E084D97000295BC /* OnePartnerUITests */,
			);
		};
/* End PBXProject section */

/* Begin PBXResourcesBuildPhase section */
		BEBDFE1D2E084D95000295BC /* Resources */ = {
			isa = PBXResourcesBuildPhase;
			buildActionMask = 2147483647;
			files = (
				66099F552E176C1E00025781 /* Preview Assets.xcassets in Resources */,
				66099F562E176C1E00025781 /* Assets.xcassets in Resources */,
			);
			runOnlyForDeploymentPostprocessing = 0;
		};
		BEBDFE2D2E084D97000295BC /* Resources */ = {
			isa = PBXResourcesBuildPhase;
			buildActionMask = 2147483647;
			files = (
			);
			runOnlyForDeploymentPostprocessing = 0;
		};
		BEBDFE372E084D97000295BC /* Resources */ = {
			isa = PBXResourcesBuildPhase;
			buildActionMask = 2147483647;
			files = (
			);
			runOnlyForDeploymentPostprocessing = 0;
		};
/* End PBXResourcesBuildPhase section */

/* Begin PBXShellScriptBuildPhase section */
		949C6EADE89D4849924B8D1B /* [CP] Check Pods Manifest.lock */ = {
			isa = PBXShellScriptBuildPhase;
			buildActionMask = 2147483647;
			files = (
			);
			inputFileListPaths = (
			);
			inputPaths = (
				"${PODS_PODFILE_DIR_PATH}/Podfile.lock",
				"${PODS_ROOT}/Manifest.lock",
			);
			name = "[CP] Check Pods Manifest.lock";
			outputFileListPaths = (
			);
			outputPaths = (
				"$(DERIVED_FILE_DIR)/Pods-OnePartner-checkManifestLockResult.txt",
			);
			runOnlyForDeploymentPostprocessing = 0;
			shellPath = /bin/sh;
			shellScript = "diff \"${PODS_PODFILE_DIR_PATH}/Podfile.lock\" \"${PODS_ROOT}/Manifest.lock\" > /dev/null\nif [ $? != 0 ] ; then\n    # print error to STDERR\n    echo \"error: The sandbox is not in sync with the Podfile.lock. Run 'pod install' or update your CocoaPods installation.\" >&2\n    exit 1\nfi\n# This output is used by Xcode 'outputs' to avoid re-running this script phase.\necho \"SUCCESS\" > \"${SCRIPT_OUTPUT_FILE_0}\"\n";
			showEnvVarsInLog = 0;
		};
/* End PBXShellScriptBuildPhase section */

/* Begin PBXSourcesBuildPhase section */
		BEBDFE1B2E084D95000295BC /* Sources */ = {
			isa = PBXSourcesBuildPhase;
			buildActionMask = 2147483647;
			files = (
				66099F592E176C1E00025781 /* AppDelegate.swift in Sources */,
				66099F6F2E177F3100025781 /* UserViewModel.swift in Sources */,
				6609A0162E17BD1A00025781 /* ExportedFiles.swift in Sources */,
				66099F5A2E176C1E00025781 /* OnePartnerApp.swift in Sources */,
				66099F5B2E176C1E00025781 /* SceneDelegate.swift in Sources */,
				66099F5C2E176C1E00025781 /* ContentView.swift in Sources */,
				66099F712E177F5A00025781 /* UserListView.swift in Sources */,
				66099F5E2E176C1E00025781 /* QuickActionSettings.swift in Sources */,
				66099F5F2E176C1E00025781 /* QuickTabView.swift in Sources */,
				66099F602E176C1E00025781 /* Router.swift in Sources */,
			);
			runOnlyForDeploymentPostprocessing = 0;
		};
		BEBDFE2B2E084D97000295BC /* Sources */ = {
			isa = PBXSourcesBuildPhase;
			buildActionMask = 2147483647;
			files = (
				66099F682E176C2C00025781 /* OnePartnerTests.swift in Sources */,
			);
			runOnlyForDeploymentPostprocessing = 0;
		};
		BEBDFE352E084D97000295BC /* Sources */ = {
			isa = PBXSourcesBuildPhase;
			buildActionMask = 2147483647;
			files = (
				66099F642E176C2700025781 /* OnePartnerUITests.swift in Sources */,
				66099F652E176C2700025781 /* OnePartnerUITestsLaunchTests.swift in Sources */,
			);
			runOnlyForDeploymentPostprocessing = 0;
		};
/* End PBXSourcesBuildPhase section */

/* Begin PBXTargetDependency section */
		BEBDFE312E084D97000295BC /* PBXTargetDependency */ = {
			isa = PBXTargetDependency;
			target = BEBDFE1E2E084D95000295BC /* OnePartner */;
			targetProxy = BEBDFE302E084D97000295BC /* PBXContainerItemProxy */;
		};
		BEBDFE3B2E084D97000295BC /* PBXTargetDependency */ = {
			isa = PBXTargetDependency;
			target = BEBDFE1E2E084D95000295BC /* OnePartner */;
			targetProxy = BEBDFE3A2E084D97000295BC /* PBXContainerItemProxy */;
		};
/* End PBXTargetDependency section */

/* Begin XCBuildConfiguration section */
		BEBDFE412E084D98000295BC /* Debug */ = {
			isa = XCBuildConfiguration;
			buildSettings = {
				ALWAYS_SEARCH_USER_PATHS = NO;
				ASSETCATALOG_COMPILER_GENERATE_SWIFT_ASSET_SYMBOL_EXTENSIONS = YES;
				CLANG_ANALYZER_NONNULL = YES;
				CLANG_ANALYZER_NUMBER_OBJECT_CONVERSION = YES_AGGRESSIVE;
				CLANG_CXX_LANGUAGE_STANDARD = "gnu++20";
				CLANG_ENABLE_MODULES = YES;
				CLANG_ENABLE_OBJC_ARC = YES;
				CLANG_ENABLE_OBJC_WEAK = YES;
				CLANG_WARN_BLOCK_CAPTURE_AUTORELEASING = YES;
				CLANG_WARN_BOOL_CONVERSION = YES;
				CLANG_WARN_COMMA = YES;
				CLANG_WARN_CONSTANT_CONVERSION = YES;
				CLANG_WARN_DEPRECATED_OBJC_IMPLEMENTATIONS = YES;
				CLANG_WARN_DIRECT_OBJC_ISA_USAGE = YES_ERROR;
				CLANG_WARN_DOCUMENTATION_COMMENTS = YES;
				CLANG_WARN_EMPTY_BODY = YES;
				CLANG_WARN_ENUM_CONVERSION = YES;
				CLANG_WARN_INFINITE_RECURSION = YES;
				CLANG_WARN_INT_CONVERSION = YES;
				CLANG_WARN_NON_LITERAL_NULL_CONVERSION = YES;
				CLANG_WARN_OBJC_IMPLICIT_RETAIN_SELF = YES;
				CLANG_WARN_OBJC_LITERAL_CONVERSION = YES;
				CLANG_WARN_OBJC_ROOT_CLASS = YES_ERROR;
				CLANG_WARN_QUOTED_INCLUDE_IN_FRAMEWORK_HEADER = YES;
				CLANG_WARN_RANGE_LOOP_ANALYSIS = YES;
				CLANG_WARN_STRICT_PROTOTYPES = YES;
				CLANG_WARN_SUSPICIOUS_MOVE = YES;
				CLANG_WARN_UNGUARDED_AVAILABILITY = YES_AGGRESSIVE;
				CLANG_WARN_UNREACHABLE_CODE = YES;
				CLANG_WARN__DUPLICATE_METHOD_MATCH = YES;
				COPY_PHASE_STRIP = NO;
				DEBUG_INFORMATION_FORMAT = dwarf;
				ENABLE_STRICT_OBJC_MSGSEND = YES;
				ENABLE_TESTABILITY = YES;
				ENABLE_USER_SCRIPT_SANDBOXING = YES;
				GCC_C_LANGUAGE_STANDARD = gnu17;
				GCC_DYNAMIC_NO_PIC = NO;
				GCC_NO_COMMON_BLOCKS = YES;
				GCC_OPTIMIZATION_LEVEL = 0;
				GCC_PREPROCESSOR_DEFINITIONS = (
					"DEBUG=1",
					"$(inherited)",
				);
				GCC_WARN_64_TO_32_BIT_CONVERSION = YES;
				GCC_WARN_ABOUT_RETURN_TYPE = YES_ERROR;
				GCC_WARN_UNDECLARED_SELECTOR = YES;
				GCC_WARN_UNINITIALIZED_AUTOS = YES_AGGRESSIVE;
				GCC_WARN_UNUSED_FUNCTION = YES;
				GCC_WARN_UNUSED_VARIABLE = YES;
				IPHONEOS_DEPLOYMENT_TARGET = 18.2;
				LOCALIZATION_PREFERS_STRING_CATALOGS = YES;
				MTL_ENABLE_DEBUG_INFO = INCLUDE_SOURCE;
				MTL_FAST_MATH = YES;
				ONLY_ACTIVE_ARCH = YES;
				SDKROOT = iphoneos;
				SWIFT_ACTIVE_COMPILATION_CONDITIONS = "DEBUG $(inherited)";
				SWIFT_OPTIMIZATION_LEVEL = "-Onone";
			};
			name = Debug;
		};
		BEBDFE422E084D98000295BC /* Release */ = {
			isa = XCBuildConfiguration;
			buildSettings = {
				ALWAYS_SEARCH_USER_PATHS = NO;
				ASSETCATALOG_COMPILER_GENERATE_SWIFT_ASSET_SYMBOL_EXTENSIONS = YES;
				CLANG_ANALYZER_NONNULL = YES;
				CLANG_ANALYZER_NUMBER_OBJECT_CONVERSION = YES_AGGRESSIVE;
				CLANG_CXX_LANGUAGE_STANDARD = "gnu++20";
				CLANG_ENABLE_MODULES = YES;
				CLANG_ENABLE_OBJC_ARC = YES;
				CLANG_ENABLE_OBJC_WEAK = YES;
				CLANG_WARN_BLOCK_CAPTURE_AUTORELEASING = YES;
				CLANG_WARN_BOOL_CONVERSION = YES;
				CLANG_WARN_COMMA = YES;
				CLANG_WARN_CONSTANT_CONVERSION = YES;
				CLANG_WARN_DEPRECATED_OBJC_IMPLEMENTATIONS = YES;
				CLANG_WARN_DIRECT_OBJC_ISA_USAGE = YES_ERROR;
				CLANG_WARN_DOCUMENTATION_COMMENTS = YES;
				CLANG_WARN_EMPTY_BODY = YES;
				CLANG_WARN_ENUM_CONVERSION = YES;
				CLANG_WARN_INFINITE_RECURSION = YES;
				CLANG_WARN_INT_CONVERSION = YES;
				CLANG_WARN_NON_LITERAL_NULL_CONVERSION = YES;
				CLANG_WARN_OBJC_IMPLICIT_RETAIN_SELF = YES;
				CLANG_WARN_OBJC_LITERAL_CONVERSION = YES;
				CLANG_WARN_OBJC_ROOT_CLASS = YES_ERROR;
				CLANG_WARN_QUOTED_INCLUDE_IN_FRAMEWORK_HEADER = YES;
				CLANG_WARN_RANGE_LOOP_ANALYSIS = YES;
				CLANG_WARN_STRICT_PROTOTYPES = YES;
				CLANG_WARN_SUSPICIOUS_MOVE = YES;
				CLANG_WARN_UNGUARDED_AVAILABILITY = YES_AGGRESSIVE;
				CLANG_WARN_UNREACHABLE_CODE = YES;
				CLANG_WARN__DUPLICATE_METHOD_MATCH = YES;
				COPY_PHASE_STRIP = NO;
				DEBUG_INFORMATION_FORMAT = "dwarf-with-dsym";
				ENABLE_NS_ASSERTIONS = NO;
				ENABLE_STRICT_OBJC_MSGSEND = YES;
				ENABLE_USER_SCRIPT_SANDBOXING = YES;
				GCC_C_LANGUAGE_STANDARD = gnu17;
				GCC_NO_COMMON_BLOCKS = YES;
				GCC_WARN_64_TO_32_BIT_CONVERSION = YES;
				GCC_WARN_ABOUT_RETURN_TYPE = YES_ERROR;
				GCC_WARN_UNDECLARED_SELECTOR = YES;
				GCC_WARN_UNINITIALIZED_AUTOS = YES_AGGRESSIVE;
				GCC_WARN_UNUSED_FUNCTION = YES;
				GCC_WARN_UNUSED_VARIABLE = YES;
				IPHONEOS_DEPLOYMENT_TARGET = 18.2;
				LOCALIZATION_PREFERS_STRING_CATALOGS = YES;
				MTL_ENABLE_DEBUG_INFO = NO;
				MTL_FAST_MATH = YES;
				SDKROOT = iphoneos;
				SWIFT_COMPILATION_MODE = wholemodule;
				VALIDATE_PRODUCT = YES;
			};
			name = Release;
		};
		BEBDFE442E084D98000295BC /* Debug */ = {
			isa = XCBuildConfiguration;
			baseConfigurationReference = 02A45C165B6EBC3BD64CFC99 /* Pods-OnePartner.debug.xcconfig */;
			buildSettings = {
				ASSETCATALOG_COMPILER_APPICON_NAME = AppIcon;
				ASSETCATALOG_COMPILER_GLOBAL_ACCENT_COLOR_NAME = AccentColor;
				CODE_SIGN_STYLE = Automatic;
				CURRENT_PROJECT_VERSION = 1;
				DEVELOPMENT_ASSET_PATHS = "\"OnePartner/Preview Content\"";
				ENABLE_PREVIEWS = YES;
				GENERATE_INFOPLIST_FILE = YES;
				INFOPLIST_FILE = OnePartner/Info.plist;
				INFOPLIST_KEY_UIApplicationSceneManifest_Generation = YES;
				INFOPLIST_KEY_UIApplicationSupportsIndirectInputEvents = YES;
				INFOPLIST_KEY_UILaunchScreen_Generation = YES;
				INFOPLIST_KEY_UISupportedInterfaceOrientations_iPad = "UIInterfaceOrientationPortrait UIInterfaceOrientationPortraitUpsideDown UIInterfaceOrientationLandscapeLeft UIInterfaceOrientationLandscapeRight";
				INFOPLIST_KEY_UISupportedInterfaceOrientations_iPhone = "UIInterfaceOrientationPortrait UIInterfaceOrientationLandscapeLeft UIInterfaceOrientationLandscapeRight";
				LD_RUNPATH_SEARCH_PATHS = (
					"$(inherited)",
					"@executable_path/Frameworks",
				);
				MARKETING_VERSION = 1.0;
				PRODUCT_BUNDLE_IDENTIFIER = swiftui.ket.OnePartner;
				PRODUCT_NAME = "$(TARGET_NAME)";
				SWIFT_EMIT_LOC_STRINGS = YES;
				SWIFT_VERSION = 5.0;
				TARGETED_DEVICE_FAMILY = "1,2";
			};
			name = Debug;
		};
		BEBDFE452E084D98000295BC /* Release */ = {
			isa = XCBuildConfiguration;
			baseConfigurationReference = 9C0AE614BE1EA178B0368376 /* Pods-OnePartner.release.xcconfig */;
			buildSettings = {
				ASSETCATALOG_COMPILER_APPICON_NAME = AppIcon;
				ASSETCATALOG_COMPILER_GLOBAL_ACCENT_COLOR_NAME = AccentColor;
				CODE_SIGN_STYLE = Automatic;
				CURRENT_PROJECT_VERSION = 1;
				DEVELOPMENT_ASSET_PATHS = "\"OnePartner/Preview Content\"";
				ENABLE_PREVIEWS = YES;
				GENERATE_INFOPLIST_FILE = YES;
				INFOPLIST_FILE = OnePartner/Info.plist;
				INFOPLIST_KEY_UIApplicationSceneManifest_Generation = YES;
				INFOPLIST_KEY_UIApplicationSupportsIndirectInputEvents = YES;
				INFOPLIST_KEY_UILaunchScreen_Generation = YES;
				INFOPLIST_KEY_UISupportedInterfaceOrientations_iPad = "UIInterfaceOrientationPortrait UIInterfaceOrientationPortraitUpsideDown UIInterfaceOrientationLandscapeLeft UIInterfaceOrientationLandscapeRight";
				INFOPLIST_KEY_UISupportedInterfaceOrientations_iPhone = "UIInterfaceOrientationPortrait UIInterfaceOrientationLandscapeLeft UIInterfaceOrientationLandscapeRight";
				LD_RUNPATH_SEARCH_PATHS = (
					"$(inherited)",
					"@executable_path/Frameworks",
				);
				MARKETING_VERSION = 1.0;
				PRODUCT_BUNDLE_IDENTIFIER = swiftui.ket.OnePartner;
				PRODUCT_NAME = "$(TARGET_NAME)";
				SWIFT_EMIT_LOC_STRINGS = YES;
				SWIFT_VERSION = 5.0;
				TARGETED_DEVICE_FAMILY = "1,2";
			};
			name = Release;
		};
		BEBDFE472E084D98000295BC /* Debug */ = {
			isa = XCBuildConfiguration;
			buildSettings = {
				BUNDLE_LOADER = "$(TEST_HOST)";
				CODE_SIGN_STYLE = Automatic;
				CURRENT_PROJECT_VERSION = 1;
				GENERATE_INFOPLIST_FILE = YES;
				IPHONEOS_DEPLOYMENT_TARGET = 18.2;
				MARKETING_VERSION = 1.0;
				PRODUCT_BUNDLE_IDENTIFIER = swiftui.ket.OnePartnerTests;
				PRODUCT_NAME = "$(TARGET_NAME)";
				SWIFT_EMIT_LOC_STRINGS = NO;
				SWIFT_VERSION = 5.0;
				TARGETED_DEVICE_FAMILY = "1,2";
				TEST_HOST = "$(BUILT_PRODUCTS_DIR)/OnePartner.app/$(BUNDLE_EXECUTABLE_FOLDER_PATH)/OnePartner";
			};
			name = Debug;
		};
		BEBDFE482E084D98000295BC /* Release */ = {
			isa = XCBuildConfiguration;
			buildSettings = {
				BUNDLE_LOADER = "$(TEST_HOST)";
				CODE_SIGN_STYLE = Automatic;
				CURRENT_PROJECT_VERSION = 1;
				GENERATE_INFOPLIST_FILE = YES;
				IPHONEOS_DEPLOYMENT_TARGET = 18.2;
				MARKETING_VERSION = 1.0;
				PRODUCT_BUNDLE_IDENTIFIER = swiftui.ket.OnePartnerTests;
				PRODUCT_NAME = "$(TARGET_NAME)";
				SWIFT_EMIT_LOC_STRINGS = NO;
				SWIFT_VERSION = 5.0;
				TARGETED_DEVICE_FAMILY = "1,2";
				TEST_HOST = "$(BUILT_PRODUCTS_DIR)/OnePartner.app/$(BUNDLE_EXECUTABLE_FOLDER_PATH)/OnePartner";
			};
			name = Release;
		};
		BEBDFE4A2E084D98000295BC /* Debug */ = {
			isa = XCBuildConfiguration;
			buildSettings = {
				CODE_SIGN_STYLE = Automatic;
				CURRENT_PROJECT_VERSION = 1;
				GENERATE_INFOPLIST_FILE = YES;
				MARKETING_VERSION = 1.0;
				PRODUCT_BUNDLE_IDENTIFIER = swiftui.ket.OnePartnerUITests;
				PRODUCT_NAME = "$(TARGET_NAME)";
				SWIFT_EMIT_LOC_STRINGS = NO;
				SWIFT_VERSION = 5.0;
				TARGETED_DEVICE_FAMILY = "1,2";
				TEST_TARGET_NAME = OnePartner;
			};
			name = Debug;
		};
		BEBDFE4B2E084D98000295BC /* Release */ = {
			isa = XCBuildConfiguration;
			buildSettings = {
				CODE_SIGN_STYLE = Automatic;
				CURRENT_PROJECT_VERSION = 1;
				GENERATE_INFOPLIST_FILE = YES;
				MARKETING_VERSION = 1.0;
				PRODUCT_BUNDLE_IDENTIFIER = swiftui.ket.OnePartnerUITests;
				PRODUCT_NAME = "$(TARGET_NAME)";
				SWIFT_EMIT_LOC_STRINGS = NO;
				SWIFT_VERSION = 5.0;
				TARGETED_DEVICE_FAMILY = "1,2";
				TEST_TARGET_NAME = OnePartner;
			};
			name = Release;
		};
/* End XCBuildConfiguration section */

/* Begin XCConfigurationList section */
		BEBDFE1A2E084D95000295BC /* Build configuration list for PBXProject "OnePartner" */ = {
			isa = XCConfigurationList;
			buildConfigurations = (
				BEBDFE412E084D98000295BC /* Debug */,
				BEBDFE422E084D98000295BC /* Release */,
			);
			defaultConfigurationIsVisible = 0;
			defaultConfigurationName = Release;
		};
		BEBDFE432E084D98000295BC /* Build configuration list for PBXNativeTarget "OnePartner" */ = {
			isa = XCConfigurationList;
			buildConfigurations = (
				BEBDFE442E084D98000295BC /* Debug */,
				BEBDFE452E084D98000295BC /* Release */,
			);
			defaultConfigurationIsVisible = 0;
			defaultConfigurationName = Release;
		};
		BEBDFE462E084D98000295BC /* Build configuration list for PBXNativeTarget "OnePartnerTests" */ = {
			isa = XCConfigurationList;
			buildConfigurations = (
				BEBDFE472E084D98000295BC /* Debug */,
				BEBDFE482E084D98000295BC /* Release */,
			);
			defaultConfigurationIsVisible = 0;
			defaultConfigurationName = Release;
		};
		BEBDFE492E084D98000295BC /* Build configuration list for PBXNativeTarget "OnePartnerUITests" */ = {
			isa = XCConfigurationList;
			buildConfigurations = (
				BEBDFE4A2E084D98000295BC /* Debug */,
				BEBDFE4B2E084D98000295BC /* Release */,
			);
			defaultConfigurationIsVisible = 0;
			defaultConfigurationName = Release;
		};
/* End XCConfigurationList section */
	};
	rootObject = BEBDFE172E084D95000295BC /* Project object */;
}
